{
  "name": "ieltswritinghelper755b7ddaCustomMessage",
  "version": "2.0.0",
  "lockfileVersion": 2,
  "requires": true,
  "packages": {
    "": {
      "name": "ieltswritinghelper755b7ddaCustomMessage",
      "version": "2.0.0",
      "license": "Apache-2.0",
      "devDependencies": {
        "@types/aws-lambda": "^8.10.92"
      }
    },
    "node_modules/@types/aws-lambda": {
      "version": "8.10.112",
      "resolved": "https://registry.npmjs.org/@types/aws-lambda/-/aws-lambda-8.10.112.tgz",
      "integrity": "sha512-1auQeFhclqU93Tb5kzk/0KaMIqkehwQpYz9a1H8AFZl7quihPh0mJTqNrxJIzIFM6R7rmUNDIU5hdBB9iDES6A==",
      "dev": true
    }
  },
  "dependencies": {
    "@types/aws-lambda": {
      "version": "8.10.112",
      "resolved": "https://registry.npmjs.org/@types/aws-lambda/-/aws-lambda-8.10.112.tgz",
      "integrity": "sha512-1auQeFhclqU93Tb5kzk/0KaMIqkehwQpYz9a1H8AFZl7quihPh0mJTqNrxJIzIFM6R7rmUNDIU5hdBB9iDES6A==",
      "dev": true
    }
  }
}
